{
  "name": "web",
  "version": "0.0.0",
  "lockfileVersion": 1,
  "requires": true,
  "dependencies": {
    "@types/socket.io-client": {
      "version": "1.4.30",
      "resolved": "https://registry.npmjs.org/@types/socket.io-client/-/socket.io-client-1.4.30.tgz",
      "integrity": "sha512-iBRrnHweLU2LRd8V3W0fD6z8+t9uEYN/6GPK2awwknKhOt55ZaG08f1sELeWejE6vJCnDvHAjfFkbWRJZ0+DDQ==",
      "dev": true
    }
  }
}
